github.com/cryptidcodes/gatorcli v0.0.0-20250530232636-9a7f8a5ad15d h1:aO7uJHbwABxkq+F/DS1olpacLP2sUCLYF40PjsLzYXE=
github.com/cryptidcodes/gatorcli v0.0.0-20250530232636-9a7f8a5ad15d/go.mod h1:kqqmU/z9QRS+OsThp33wYULfbv/mfwkVpNW3bGF4Aho=
github.com/google/uuid v1.6.0 h1:NIvaJDMOsjHA8n1jAhLSgzrAzy1Hgr+hNrb57e+94F0=
github.com/google/uuid v1.6.0/go.mod h1:TIyPZe4MgqvfeYDBFedMoGGpEw/LqOeaOT+nhxU+yHo=
github.com/lib/pq v1.10.9 h1:YXG7RB+JIjhP29X+OtkiDnYaXQwpS4JEWq7dtCCRUEw=
github.com/lib/pq v1.10.9/go.mod h1:AlVN5x4E4T544tWzH6hKfbfQvm3HdbOxrmggDNAPY9o=
